
Microsoft Visual Studio Solution File, Format Version 12.00
# Visual Studio Version 17
VisualStudioVersion = 17.3.32922.545
MinimumVisualStudioVersion = 10.0.40219.1
Project("{8BC9CEB8-8B4A-11D0-8D11-00A0C91BC942}") = "24_10", "24_10\24_10.vcxproj", "{A8F73558-0067-4DDA-9427-4FCFB0FD0EDB}"
EndProject
Global
	GlobalSection(SolutionConfigurationPlatforms) = preSolution
		Debug|x64 = Debug|x64
		Debug|x86 = Debug|x86
		Release|x64 = Release|x64
		Release|x86 = Release|x86
	EndGlobalSection
	GlobalSection(ProjectConfigurationPlatforms) = postSolution
		{A8F73558-0067-4DDA-9427-4FCFB0FD0EDB}.Debug|x64.ActiveCfg = Debug|x64
		{A8F73558-0067-4DDA-9427-4FCFB0FD0EDB}.Debug|x64.Build.0 = Debug|x64
		{A8F73558-0067-4DDA-9427-4FCFB0FD0EDB}.Debug|x86.ActiveCfg = Debug|Win32
		{A8F73558-0067-4DDA-9427-4FCFB0FD0EDB}.Debug|x86.Build.0 = Debug|Win32
		{A8F73558-0067-4DDA-9427-4FCFB0FD0EDB}.Release|x64.ActiveCfg = Release|x64
		{A8F73558-0067-4DDA-9427-4FCFB0FD0EDB}.Release|x64.Build.0 = Release|x64
		{A8F73558-0067-4DDA-9427-4FCFB0FD0EDB}.Release|x86.ActiveCfg = Release|Win32
		{A8F73558-0067-4DDA-9427-4FCFB0FD0EDB}.Release|x86.Build.0 = Release|Win32
	EndGlobalSection
	GlobalSection(SolutionProperties) = preSolution
		HideSolutionNode = FALSE
	EndGlobalSection
	GlobalSection(ExtensibilityGlobals) = postSolution
		SolutionGuid = {C389023C-08E8-4FA2-AE3A-11D2028FE3E0}
	EndGlobalSection
EndGlobal
